
Microsoft Visual Studio Solution File, Format Version 12.00
# Visual Studio Version 17
VisualStudioVersion = 17.9.34723.18
MinimumVisualStudioVersion = 10.0.40219.1
Project("{FAE04EC0-301F-11D3-BF4B-00C04F79EFBC}") = "TutorFinderBot", "TutorFinderBot\TutorFinderBot.csproj", "{4D927BBE-6DBC-4F11-9748-187DD643065F}"
EndProject
Global
	GlobalSection(SolutionConfigurationPlatforms) = preSolution
		Debug|Any CPU = Debug|Any CPU
		Release|Any CPU = Release|Any CPU
	EndGlobalSection
	GlobalSection(ProjectConfigurationPlatforms) = postSolution
		{4D927BBE-6DBC-4F11-9748-187DD643065F}.Debug|Any CPU.ActiveCfg = Debug|Any CPU
		{4D927BBE-6DBC-4F11-9748-187DD643065F}.Debug|Any CPU.Build.0 = Debug|Any CPU
		{4D927BBE-6DBC-4F11-9748-187DD643065F}.Release|Any CPU.ActiveCfg = Release|Any CPU
		{4D927BBE-6DBC-4F11-9748-187DD643065F}.Release|Any CPU.Build.0 = Release|Any CPU
	EndGlobalSection
	GlobalSection(SolutionProperties) = preSolution
		HideSolutionNode = FALSE
	EndGlobalSection
	GlobalSection(ExtensibilityGlobals) = postSolution
		SolutionGuid = {FA5D8B72-2465-4D92-8E1A-CC01B2A7D300}
	EndGlobalSection
EndGlobal
